
Microsoft Visual Studio Solution File, Format Version 12.00
# Visual Studio Version 17
VisualStudioVersion = 17.2.32630.192
MinimumVisualStudioVersion = 10.0.40219.1
Project("{FAE04EC0-301F-11D3-BF4B-00C04F79EFBC}") = "Launcher", "Launcher v2\Launcher.csproj", "{6B220888-A64E-45A5-B00F-60BBC632B209}"
EndProject
Global
	GlobalSection(SolutionConfigurationPlatforms) = preSolution
		Debug|Any CPU = Debug|Any CPU
		Release|Any CPU = Release|Any CPU
	EndGlobalSection
	GlobalSection(ProjectConfigurationPlatforms) = postSolution
		{6B220888-A64E-45A5-B00F-60BBC632B209}.Debug|Any CPU.ActiveCfg = Debug|Any CPU
		{6B220888-A64E-45A5-B00F-60BBC632B209}.Debug|Any CPU.Build.0 = Debug|Any CPU
		{6B220888-A64E-45A5-B00F-60BBC632B209}.Release|Any CPU.ActiveCfg = Release|Any CPU
		{6B220888-A64E-45A5-B00F-60BBC632B209}.Release|Any CPU.Build.0 = Release|Any CPU
	EndGlobalSection
	GlobalSection(SolutionProperties) = preSolution
		HideSolutionNode = FALSE
	EndGlobalSection
	GlobalSection(ExtensibilityGlobals) = postSolution
		SolutionGuid = {2DBF6031-0C77-49D0-9A21-F0F4F6FA626D}
	EndGlobalSection
EndGlobal
